// !$*UTF8*$!
{
	archiveVersion = 1;
	classes = {
	};
	objectVersion = 46;
	objects = {

/* Begin PBXBuildFile section */
		642230BB1F01FD8500D8BAEF /* ReSwift.framework in Frameworks */ = {isa = PBXBuildFile; fileRef = 642230BA1F01FD8500D8BAEF /* ReSwift.framework */; };
		642230C11F01FD8C00D8BAEF /* RxSwift.framework in Frameworks */ = {isa = PBXBuildFile; fileRef = 642230C01F01FD8B00D8BAEF /* RxSwift.framework */; };
		642230C81F0200EF00D8BAEF /* RxCocoa.framework in Frameworks */ = {isa = PBXBuildFile; fileRef = 642230BE1F01FD8900D8BAEF /* RxCocoa.framework */; };
		642230D01F02233600D8BAEF /* ScanViewController.swift in Sources */ = {isa = PBXBuildFile; fileRef = 642230CF1F02233600D8BAEF /* ScanViewController.swift */; };
		642230D41F02276500D8BAEF /* DisplayController.swift in Sources */ = {isa = PBXBuildFile; fileRef = 642230D31F02276500D8BAEF /* DisplayController.swift */; };
		6447C86E1F0237F10022EAC0 /* CIColorExtension.swift in Sources */ = {isa = PBXBuildFile; fileRef = 6447C86A1F0237F10022EAC0 /* CIColorExtension.swift */; };
		6447C86F1F0237F10022EAC0 /* CIImageExtension.swift in Sources */ = {isa = PBXBuildFile; fileRef = 6447C86B1F0237F10022EAC0 /* CIImageExtension.swift */; };
		6447C8701F0237F10022EAC0 /* QRCode.swift in Sources */ = {isa = PBXBuildFile; fileRef = 6447C86C1F0237F10022EAC0 /* QRCode.swift */; };
		6447C8711F0237F10022EAC0 /* UIImageViewExtension.swift in Sources */ = {isa = PBXBuildFile; fileRef = 6447C86D1F0237F10022EAC0 /* UIImageViewExtension.swift */; };
		64807C941F01F8C000FBED09 /* AppDelegate.swift in Sources */ = {isa = PBXBuildFile; fileRef = 64807C931F01F8C000FBED09 /* AppDelegate.swift */; };
		64807C961F01F8C000FBED09 /* Main.swift in Sources */ = {isa = PBXBuildFile; fileRef = 64807C951F01F8C000FBED09 /* Main.swift */; };
		64807C991F01F8C100FBED09 /* Main.storyboard in Resources */ = {isa = PBXBuildFile; fileRef = 64807C971F01F8C100FBED09 /* Main.storyboard */; };
		64807C9B1F01F8C100FBED09 /* Assets.xcassets in Resources */ = {isa = PBXBuildFile; fileRef = 64807C9A1F01F8C100FBED09 /* Assets.xcassets */; };
		64807C9E1F01F8C100FBED09 /* LaunchScreen.storyboard in Resources */ = {isa = PBXBuildFile; fileRef = 64807C9C1F01F8C100FBED09 /* LaunchScreen.storyboard */; };
		64807CA91F01F8C100FBED09 /* ReQRScanTests.swift in Sources */ = {isa = PBXBuildFile; fileRef = 64807CA81F01F8C100FBED09 /* ReQRScanTests.swift */; };
		64807CB41F01F8C100FBED09 /* ReQRScanUITests.swift in Sources */ = {isa = PBXBuildFile; fileRef = 64807CB31F01F8C100FBED09 /* ReQRScanUITests.swift */; };
		64807CC31F01FB9E00FBED09 /* AppState.swift in Sources */ = {isa = PBXBuildFile; fileRef = 64807CC21F01FB9E00FBED09 /* AppState.swift */; };
/* End PBXBuildFile section */

/* Begin PBXContainerItemProxy section */
		64807CA51F01F8C100FBED09 /* PBXContainerItemProxy */ = {
			isa = PBXContainerItemProxy;
			containerPortal = 64807C881F01F8C000FBED09 /* Project object */;
			proxyType = 1;
			remoteGlobalIDString = 64807C8F1F01F8C000FBED09;
			remoteInfo = ReQRScan;
		};
		64807CB01F01F8C100FBED09 /* PBXContainerItemProxy */ = {
			isa = PBXContainerItemProxy;
			containerPortal = 64807C881F01F8C000FBED09 /* Project object */;
			proxyType = 1;
			remoteGlobalIDString = 64807C8F1F01F8C000FBED09;
			remoteInfo = ReQRScan;
		};
/* End PBXContainerItemProxy section */

/* Begin PBXFileReference section */
		642230BA1F01FD8500D8BAEF /* ReSwift.framework */ = {isa = PBXFileReference; lastKnownFileType = wrapper.framework; name = ReSwift.framework; path = Carthage/Build/iOS/ReSwift.framework; sourceTree = "<group>"; };
		642230BC1F01FD8600D8BAEF /* RxBlocking.framework */ = {isa = PBXFileReference; lastKnownFileType = wrapper.framework; name = RxBlocking.framework; path = Carthage/Build/iOS/RxBlocking.framework; sourceTree = "<group>"; };
		642230BE1F01FD8900D8BAEF /* RxCocoa.framework */ = {isa = PBXFileReference; lastKnownFileType = wrapper.framework; name = RxCocoa.framework; path = Carthage/Build/iOS/RxCocoa.framework; sourceTree = "<group>"; };
		642230C01F01FD8B00D8BAEF /* RxSwift.framework */ = {isa = PBXFileReference; lastKnownFileType = wrapper.framework; name = RxSwift.framework; path = Carthage/Build/iOS/RxSwift.framework; sourceTree = "<group>"; };
		642230C21F01FD8D00D8BAEF /* RxTest.framework */ = {isa = PBXFileReference; lastKnownFileType = wrapper.framework; name = RxTest.framework; path = Carthage/Build/iOS/RxTest.framework; sourceTree = "<group>"; };
		642230CF1F02233600D8BAEF /* ScanViewController.swift */ = {isa = PBXFileReference; fileEncoding = 4; lastKnownFileType = sourcecode.swift; path = ScanViewController.swift; sourceTree = "<group>"; };
		642230D31F02276500D8BAEF /* DisplayController.swift */ = {isa = PBXFileReference; fileEncoding = 4; lastKnownFileType = sourcecode.swift; path = DisplayController.swift; sourceTree = "<group>"; };
		6447C86A1F0237F10022EAC0 /* CIColorExtension.swift */ = {isa = PBXFileReference; fileEncoding = 4; lastKnownFileType = sourcecode.swift; path = CIColorExtension.swift; sourceTree = "<group>"; };
		6447C86B1F0237F10022EAC0 /* CIImageExtension.swift */ = {isa = PBXFileReference; fileEncoding = 4; lastKnownFileType = sourcecode.swift; path = CIImageExtension.swift; sourceTree = "<group>"; };
		6447C86C1F0237F10022EAC0 /* QRCode.swift */ = {isa = PBXFileReference; fileEncoding = 4; lastKnownFileType = sourcecode.swift; path = QRCode.swift; sourceTree = "<group>"; };
		6447C86D1F0237F10022EAC0 /* UIImageViewExtension.swift */ = {isa = PBXFileReference; fileEncoding = 4; lastKnownFileType = sourcecode.swift; path = UIImageViewExtension.swift; sourceTree = "<group>"; };
		64807C901F01F8C000FBED09 /* ReQRScan.app */ = {isa = PBXFileReference; explicitFileType = wrapper.application; includeInIndex = 0; path = ReQRScan.app; sourceTree = BUILT_PRODUCTS_DIR; };
		64807C931F01F8C000FBED09 /* AppDelegate.swift */ = {isa = PBXFileReference; lastKnownFileType = sourcecode.swift; path = AppDelegate.swift; sourceTree = "<group>"; };
		64807C951F01F8C000FBED09 /* Main.swift */ = {isa = PBXFileReference; lastKnownFileType = sourcecode.swift; path = Main.swift; sourceTree = "<group>"; };
		64807C981F01F8C100FBED09 /* Base */ = {isa = PBXFileReference; lastKnownFileType = file.storyboard; name = Base; path = Base.lproj/Main.storyboard; sourceTree = "<group>"; };
		64807C9A1F01F8C100FBED09 /* Assets.xcassets */ = {isa = PBXFileReference; lastKnownFileType = folder.assetcatalog; path = Assets.xcassets; sourceTree = "<group>"; };
		64807C9D1F01F8C100FBED09 /* Base */ = {isa = PBXFileReference; lastKnownFileType = file.storyboard; name = Base; path = Base.lproj/LaunchScreen.storyboard; sourceTree = "<group>"; };
		64807C9F1F01F8C100FBED09 /* Info.plist */ = {isa = PBXFileReference; lastKnownFileType = text.plist.xml; path = Info.plist; sourceTree = "<group>"; };
		64807CA41F01F8C100FBED09 /* ReQRScanTests.xctest */ = {isa = PBXFileReference; explicitFileType = wrapper.cfbundle; includeInIndex = 0; path = ReQRScanTests.xctest; sourceTree = BUILT_PRODUCTS_DIR; };
		64807CA81F01F8C100FBED09 /* ReQRScanTests.swift */ = {isa = PBXFileReference; lastKnownFileType = sourcecode.swift; path = ReQRScanTests.swift; sourceTree = "<group>"; };
		64807CAA1F01F8C100FBED09 /* Info.plist */ = {isa = PBXFileReference; lastKnownFileType = text.plist.xml; path = Info.plist; sourceTree = "<group>"; };
		64807CAF1F01F8C100FBED09 /* ReQRScanUITests.xctest */ = {isa = PBXFileReference; explicitFileType = wrapper.cfbundle; includeInIndex = 0; path = ReQRScanUITests.xctest; sourceTree = BUILT_PRODUCTS_DIR; };
		64807CB31F01F8C100FBED09 /* ReQRScanUITests.swift */ = {isa = PBXFileReference; lastKnownFileType = sourcecode.swift; path = ReQRScanUITests.swift; sourceTree = "<group>"; };
		64807CB51F01F8C100FBED09 /* Info.plist */ = {isa = PBXFileReference; lastKnownFileType = text.plist.xml; path = Info.plist; sourceTree = "<group>"; };
		64807CC21F01FB9E00FBED09 /* AppState.swift */ = {isa = PBXFileReference; fileEncoding = 4; lastKnownFileType = sourcecode.swift; path = AppState.swift; sourceTree = "<group>"; };
/* End PBXFileReference section */

/* Begin PBXFrameworksBuildPhase section */
		64807C8D1F01F8C000FBED09 /* Frameworks */ = {
			isa = PBXFrameworksBuildPhase;
			buildActionMask = 2147483647;
			files = (
				642230C11F01FD8C00D8BAEF /* RxSwift.framework in Frameworks */,
				642230C81F0200EF00D8BAEF /* RxCocoa.framework in Frameworks */,
				642230BB1F01FD8500D8BAEF /* ReSwift.framework in Frameworks */,
			);
			runOnlyForDeploymentPostprocessing = 0;
		};
		64807CA11F01F8C100FBED09 /* Frameworks */ = {
			isa = PBXFrameworksBuildPhase;
			buildActionMask = 2147483647;
			files = (
			);
			runOnlyForDeploymentPostprocessing = 0;
		};
		64807CAC1F01F8C100FBED09 /* Frameworks */ = {
			isa = PBXFrameworksBuildPhase;
			buildActionMask = 2147483647;
			files = (
			);
			runOnlyForDeploymentPostprocessing = 0;
		};
/* End PBXFrameworksBuildPhase section */

/* Begin PBXGroup section */
		642230B91F01FD8400D8BAEF /* Frameworks */ = {
			isa = PBXGroup;
			children = (
				642230C21F01FD8D00D8BAEF /* RxTest.framework */,
				642230C01F01FD8B00D8BAEF /* RxSwift.framework */,
				642230BE1F01FD8900D8BAEF /* RxCocoa.framework */,
				642230BC1F01FD8600D8BAEF /* RxBlocking.framework */,
				642230BA1F01FD8500D8BAEF /* ReSwift.framework */,
			);
			name = Frameworks;
			sourceTree = "<group>";
		};
		642230D11F02233B00D8BAEF /* ViewController */ = {
			isa = PBXGroup;
			children = (
				642230CF1F02233600D8BAEF /* ScanViewController.swift */,
				642230D31F02276500D8BAEF /* DisplayController.swift */,
				64807C951F01F8C000FBED09 /* Main.swift */,
			);
			name = ViewController;
			sourceTree = "<group>";
		};
		642230D21F0226A500D8BAEF /* QRGenerator */ = {
			isa = PBXGroup;
			children = (
				6447C86A1F0237F10022EAC0 /* CIColorExtension.swift */,
				6447C86B1F0237F10022EAC0 /* CIImageExtension.swift */,
				6447C86C1F0237F10022EAC0 /* QRCode.swift */,
				6447C86D1F0237F10022EAC0 /* UIImageViewExtension.swift */,
			);
			name = QRGenerator;
			sourceTree = "<group>";
		};
		64807C871F01F8C000FBED09 = {
			isa = PBXGroup;
			children = (
				64807C921F01F8C000FBED09 /* ReQRScan */,
				64807CA71F01F8C100FBED09 /* ReQRScanTests */,
				64807CB21F01F8C100FBED09 /* ReQRScanUITests */,
				64807C911F01F8C000FBED09 /* Products */,
				642230B91F01FD8400D8BAEF /* Frameworks */,
			);
			sourceTree = "<group>";
		};
		64807C911F01F8C000FBED09 /* Products */ = {
			isa = PBXGroup;
			children = (
				64807C901F01F8C000FBED09 /* ReQRScan.app */,
				64807CA41F01F8C100FBED09 /* ReQRScanTests.xctest */,
				64807CAF1F01F8C100FBED09 /* ReQRScanUITests.xctest */,
			);
			name = Products;
			sourceTree = "<group>";
		};
		64807C921F01F8C000FBED09 /* ReQRScan */ = {
			isa = PBXGroup;
			children = (
				64807C931F01F8C000FBED09 /* AppDelegate.swift */,
				642230D21F0226A500D8BAEF /* QRGenerator */,
				64807CC11F01FB8D00FBED09 /* State */,
				64807C971F01F8C100FBED09 /* Main.storyboard */,
				642230D11F02233B00D8BAEF /* ViewController */,
				64807C9A1F01F8C100FBED09 /* Assets.xcassets */,
				64807C9C1F01F8C100FBED09 /* LaunchScreen.storyboard */,
				64807C9F1F01F8C100FBED09 /* Info.plist */,
			);
			path = ReQRScan;
			sourceTree = "<group>";
		};
		64807CA71F01F8C100FBED09 /* ReQRScanTests */ = {
			isa = PBXGroup;
			children = (
				64807CA81F01F8C100FBED09 /* ReQRScanTests.swift */,
				64807CAA1F01F8C100FBED09 /* Info.plist */,
			);
			path = ReQRScanTests;
			sourceTree = "<group>";
		};
		64807CB21F01F8C100FBED09 /* ReQRScanUITests */ = {
			isa = PBXGroup;
			children = (
				64807CB31F01F8C100FBED09 /* ReQRScanUITests.swift */,
				64807CB51F01F8C100FBED09 /* Info.plist */,
			);
			path = ReQRScanUITests;
			sourceTree = "<group>";
		};
		64807CC11F01FB8D00FBED09 /* State */ = {
			isa = PBXGroup;
			children = (
				64807CC21F01FB9E00FBED09 /* AppState.swift */,
			);
			name = State;
			sourceTree = "<group>";
		};
/* End PBXGroup section */

/* Begin PBXNativeTarget section */
		64807C8F1F01F8C000FBED09 /* ReQRScan */ = {
			isa = PBXNativeTarget;
			buildConfigurationList = 64807CB81F01F8C100FBED09 /* Build configuration list for PBXNativeTarget "ReQRScan" */;
			buildPhases = (
				64807C8C1F01F8C000FBED09 /* Sources */,
				64807C8D1F01F8C000FBED09 /* Frameworks */,
				64807C8E1F01F8C000FBED09 /* Resources */,
				642230B81F01FC7600D8BAEF /* ShellScript */,
			);
			buildRules = (
			);
			dependencies = (
			);
			name = ReQRScan;
			productName = ReQRScan;
			productReference = 64807C901F01F8C000FBED09 /* ReQRScan.app */;
			productType = "com.apple.product-type.application";
		};
		64807CA31F01F8C100FBED09 /* ReQRScanTests */ = {
			isa = PBXNativeTarget;
			buildConfigurationList = 64807CBB1F01F8C100FBED09 /* Build configuration list for PBXNativeTarget "ReQRScanTests" */;
			buildPhases = (
				64807CA01F01F8C100FBED09 /* Sources */,
				64807CA11F01F8C100FBED09 /* Frameworks */,
				64807CA21F01F8C100FBED09 /* Resources */,
			);
			buildRules = (
			);
			dependencies = (
				64807CA61F01F8C100FBED09 /* PBXTargetDependency */,
			);
			name = ReQRScanTests;
			productName = ReQRScanTests;
			productReference = 64807CA41F01F8C100FBED09 /* ReQRScanTests.xctest */;
			productType = "com.apple.product-type.bundle.unit-test";
		};
		64807CAE1F01F8C100FBED09 /* ReQRScanUITests */ = {
			isa = PBXNativeTarget;
			buildConfigurationList = 64807CBE1F01F8C100FBED09 /* Build configuration list for PBXNativeTarget "ReQRScanUITests" */;
			buildPhases = (
				64807CAB1F01F8C100FBED09 /* Sources */,
				64807CAC1F01F8C100FBED09 /* Frameworks */,
				64807CAD1F01F8C100FBED09 /* Resources */,
			);
			buildRules = (
			);
			dependencies = (
				64807CB11F01F8C100FBED09 /* PBXTargetDependency */,
			);
			name = ReQRScanUITests;
			productName = ReQRScanUITests;
			productReference = 64807CAF1F01F8C100FBED09 /* ReQRScanUITests.xctest */;
			productType = "com.apple.product-type.bundle.ui-testing";
		};
/* End PBXNativeTarget section */

/* Begin PBXProject section */
		64807C881F01F8C000FBED09 /* Project object */ = {
			isa = PBXProject;
			attributes = {
				LastSwiftUpdateCheck = 0830;
				LastUpgradeCheck = 0830;
				ORGANIZATIONNAME = "Team Lab Inc.";
				TargetAttributes = {
					64807C8F1F01F8C000FBED09 = {
						CreatedOnToolsVersion = 8.3.3;
						DevelopmentTeam = 375AJZ9MFR;
						ProvisioningStyle = Automatic;
					};
					64807CA31F01F8C100FBED09 = {
						CreatedOnToolsVersion = 8.3.3;
						DevelopmentTeam = RKPBSNFRK4;
						ProvisioningStyle = Automatic;
						TestTargetID = 64807C8F1F01F8C000FBED09;
					};
					64807CAE1F01F8C100FBED09 = {
						CreatedOnToolsVersion = 8.3.3;
						DevelopmentTeam = RKPBSNFRK4;
						ProvisioningStyle = Automatic;
						TestTargetID = 64807C8F1F01F8C000FBED09;
					};
				};
			};
			buildConfigurationList = 64807C8B1F01F8C000FBED09 /* Build configuration list for PBXProject "ReQRScan" */;
			compatibilityVersion = "Xcode 3.2";
			developmentRegion = English;
			hasScannedForEncodings = 0;
			knownRegions = (
				en,
				Base,
			);
			mainGroup = 64807C871F01F8C000FBED09;
			productRefGroup = 64807C911F01F8C000FBED09 /* Products */;
			projectDirPath = "";
			projectRoot = "";
			targets = (
				64807C8F1F01F8C000FBED09 /* ReQRScan */,
				64807CA31F01F8C100FBED09 /* ReQRScanTests */,
				64807CAE1F01F8C100FBED09 /* ReQRScanUITests */,
			);
		};
/* End PBXProject section */

/* Begin PBXResourcesBuildPhase section */
		64807C8E1F01F8C000FBED09 /* Resources */ = {
			isa = PBXResourcesBuildPhase;
			buildActionMask = 2147483647;
			files = (
				64807C9E1F01F8C100FBED09 /* LaunchScreen.storyboard in Resources */,
				64807C9B1F01F8C100FBED09 /* Assets.xcassets in Resources */,
				64807C991F01F8C100FBED09 /* Main.storyboard in Resources */,
			);
			runOnlyForDeploymentPostprocessing = 0;
		};
		64807CA21F01F8C100FBED09 /* Resources */ = {
			isa = PBXResourcesBuildPhase;
			buildActionMask = 2147483647;
			files = (
			);
			runOnlyForDeploymentPostprocessing = 0;
		};
		64807CAD1F01F8C100FBED09 /* Resources */ = {
			isa = PBXResourcesBuildPhase;
			buildActionMask = 2147483647;
			files = (
			);
			runOnlyForDeploymentPostprocessing = 0;
		};
/* End PBXResourcesBuildPhase section */

/* Begin PBXShellScriptBuildPhase section */
		642230B81F01FC7600D8BAEF /* ShellScript */ = {
			isa = PBXShellScriptBuildPhase;
			buildActionMask = 2147483647;
			files = (
			);
			inputPaths = (
				"$(SRCROOT)/Carthage/Build/iOS/ReSwift.framework",
				"$(SRCROOT)/Carthage/Build/iOS/RxSwift.framework",
				"$(SRCROOT)/Carthage/Build/iOS/RxBlocking.framework",
				"$(SRCROOT)/Carthage/Build/iOS/RxCocoa.framework",
				"$(SRCROOT)/Carthage/Build/iOS/RxTest.framework",
			);
			outputPaths = (
			);
			runOnlyForDeploymentPostprocessing = 0;
			shellPath = /bin/sh;
			shellScript = "/usr/local/bin/carthage copy-frameworks\n";
		};
/* End PBXShellScriptBuildPhase section */

/* Begin PBXSourcesBuildPhase section */
		64807C8C1F01F8C000FBED09 /* Sources */ = {
			isa = PBXSourcesBuildPhase;
			buildActionMask = 2147483647;
			files = (
				6447C86F1F0237F10022EAC0 /* CIImageExtension.swift in Sources */,
				64807CC31F01FB9E00FBED09 /* AppState.swift in Sources */,
				6447C86E1F0237F10022EAC0 /* CIColorExtension.swift in Sources */,
				642230D41F02276500D8BAEF /* DisplayController.swift in Sources */,
				64807C961F01F8C000FBED09 /* Main.swift in Sources */,
				6447C8701F0237F10022EAC0 /* QRCode.swift in Sources */,
				64807C941F01F8C000FBED09 /* AppDelegate.swift in Sources */,
				642230D01F02233600D8BAEF /* ScanViewController.swift in Sources */,
				6447C8711F0237F10022EAC0 /* UIImageViewExtension.swift in Sources */,
			);
			runOnlyForDeploymentPostprocessing = 0;
		};
		64807CA01F01F8C100FBED09 /* Sources */ = {
			isa = PBXSourcesBuildPhase;
			buildActionMask = 2147483647;
			files = (
				64807CA91F01F8C100FBED09 /* ReQRScanTests.swift in Sources */,
			);
			runOnlyForDeploymentPostprocessing = 0;
		};
		64807CAB1F01F8C100FBED09 /* Sources */ = {
			isa = PBXSourcesBuildPhase;
			buildActionMask = 2147483647;
			files = (
				64807CB41F01F8C100FBED09 /* ReQRScanUITests.swift in Sources */,
			);
			runOnlyForDeploymentPostprocessing = 0;
		};
/* End PBXSourcesBuildPhase section */

/* Begin PBXTargetDependency section */
		64807CA61F01F8C100FBED09 /* PBXTargetDependency */ = {
			isa = PBXTargetDependency;
			target = 64807C8F1F01F8C000FBED09 /* ReQRScan */;
			targetProxy = 64807CA51F01F8C100FBED09 /* PBXContainerItemProxy */;
		};
		64807CB11F01F8C100FBED09 /* PBXTargetDependency */ = {
			isa = PBXTargetDependency;
			target = 64807C8F1F01F8C000FBED09 /* ReQRScan */;
			targetProxy = 64807CB01F01F8C100FBED09 /* PBXContainerItemProxy */;
		};
/* End PBXTargetDependency section */

/* Begin PBXVariantGroup section */
		64807C971F01F8C100FBED09 /* Main.storyboard */ = {
			isa = PBXVariantGroup;
			children = (
				64807C981F01F8C100FBED09 /* Base */,
			);
			name = Main.storyboard;
			sourceTree = "<group>";
		};
		64807C9C1F01F8C100FBED09 /* LaunchScreen.storyboard */ = {
			isa = PBXVariantGroup;
			children = (
				64807C9D1F01F8C100FBED09 /* Base */,
			);
			name = LaunchScreen.storyboard;
			sourceTree = "<group>";
		};
/* End PBXVariantGroup section */

/* Begin XCBuildConfiguration section */
		64807CB61F01F8C100FBED09 /* Debug */ = {
			isa = XCBuildConfiguration;
			buildSettings = {
				ALWAYS_SEARCH_USER_PATHS = NO;
				CLANG_ANALYZER_NONNULL = YES;
				CLANG_ANALYZER_NUMBER_OBJECT_CONVERSION = YES_AGGRESSIVE;
				CLANG_CXX_LANGUAGE_STANDARD = "gnu++0x";
				CLANG_CXX_LIBRARY = "libc++";
				CLANG_ENABLE_MODULES = YES;
				CLANG_ENABLE_OBJC_ARC = YES;
				CLANG_WARN_BOOL_CONVERSION = YES;
				CLANG_WARN_CONSTANT_CONVERSION = YES;
				CLANG_WARN_DIRECT_OBJC_ISA_USAGE = YES_ERROR;
				CLANG_WARN_DOCUMENTATION_COMMENTS = YES;
				CLANG_WARN_EMPTY_BODY = YES;
				CLANG_WARN_ENUM_CONVERSION = YES;
				CLANG_WARN_INFINITE_RECURSION = YES;
				CLANG_WARN_INT_CONVERSION = YES;
				CLANG_WARN_OBJC_ROOT_CLASS = YES_ERROR;
				CLANG_WARN_SUSPICIOUS_MOVE = YES;
				CLANG_WARN_UNREACHABLE_CODE = YES;
				CLANG_WARN__DUPLICATE_METHOD_MATCH = YES;
				"CODE_SIGN_IDENTITY[sdk=iphoneos*]" = "iPhone Developer";
				COPY_PHASE_STRIP = NO;
				DEBUG_INFORMATION_FORMAT = dwarf;
				ENABLE_BITCODE = NO;
				ENABLE_STRICT_OBJC_MSGSEND = YES;
				ENABLE_TESTABILITY = YES;
				GCC_C_LANGUAGE_STANDARD = gnu99;
				GCC_DYNAMIC_NO_PIC = NO;
				GCC_NO_COMMON_BLOCKS = YES;
				GCC_OPTIMIZATION_LEVEL = 0;
				GCC_PREPROCESSOR_DEFINITIONS = (
					"DEBUG=1",
					"$(inherited)",
				);
				GCC_WARN_64_TO_32_BIT_CONVERSION = YES;
				GCC_WARN_ABOUT_RETURN_TYPE = YES_ERROR;
				GCC_WARN_UNDECLARED_SELECTOR = YES;
				GCC_WARN_UNINITIALIZED_AUTOS = YES_AGGRESSIVE;
				GCC_WARN_UNUSED_FUNCTION = YES;
				GCC_WARN_UNUSED_VARIABLE = YES;
				IPHONEOS_DEPLOYMENT_TARGET = 10.3;
				MTL_ENABLE_DEBUG_INFO = YES;
				ONLY_ACTIVE_ARCH = YES;
				SDKROOT = iphoneos;
				SWIFT_ACTIVE_COMPILATION_CONDITIONS = DEBUG;
				SWIFT_OPTIMIZATION_LEVEL = "-Onone";
				TARGETED_DEVICE_FAMILY = "1,2";
			};
			name = Debug;
		};
		64807CB71F01F8C100FBED09 /* Release */ = {
			isa = XCBuildConfiguration;
			buildSettings = {
				ALWAYS_SEARCH_USER_PATHS = NO;
				CLANG_ANALYZER_NONNULL = YES;
				CLANG_ANALYZER_NUMBER_OBJECT_CONVERSION = YES_AGGRESSIVE;
				CLANG_CXX_LANGUAGE_STANDARD = "gnu++0x";
				CLANG_CXX_LIBRARY = "libc++";
				CLANG_ENABLE_MODULES = YES;
				CLANG_ENABLE_OBJC_ARC = YES;
				CLANG_WARN_BOOL_CONVERSION = YES;
				CLANG_WARN_CONSTANT_CONVERSION = YES;
				CLANG_WARN_DIRECT_OBJC_ISA_USAGE = YES_ERROR;
				CLANG_WARN_DOCUMENTATION_COMMENTS = YES;
				CLANG_WARN_EMPTY_BODY = YES;
				CLANG_WARN_ENUM_CONVERSION = YES;
				CLANG_WARN_INFINITE_RECURSION = YES;
				CLANG_WARN_INT_CONVERSION = YES;
				CLANG_WARN_OBJC_ROOT_CLASS = YES_ERROR;
				CLANG_WARN_SUSPICIOUS_MOVE = YES;
				CLANG_WARN_UNREACHABLE_CODE = YES;
				CLANG_WARN__DUPLICATE_METHOD_MATCH = YES;
				"CODE_SIGN_IDENTITY[sdk=iphoneos*]" = "iPhone Developer";
				COPY_PHASE_STRIP = NO;
				DEBUG_INFORMATION_FORMAT = "dwarf-with-dsym";
				ENABLE_BITCODE = NO;
				ENABLE_NS_ASSERTIONS = NO;
				ENABLE_STRICT_OBJC_MSGSEND = YES;
				GCC_C_LANGUAGE_STANDARD = gnu99;
				GCC_NO_COMMON_BLOCKS = YES;
				GCC_WARN_64_TO_32_BIT_CONVERSION = YES;
				GCC_WARN_ABOUT_RETURN_TYPE = YES_ERROR;
				GCC_WARN_UNDECLARED_SELECTOR = YES;
				GCC_WARN_UNINITIALIZED_AUTOS = YES_AGGRESSIVE;
				GCC_WARN_UNUSED_FUNCTION = YES;
				GCC_WARN_UNUSED_VARIABLE = YES;
				IPHONEOS_DEPLOYMENT_TARGET = 10.3;
				MTL_ENABLE_DEBUG_INFO = NO;
				SDKROOT = iphoneos;
				SWIFT_OPTIMIZATION_LEVEL = "-Owholemodule";
				TARGETED_DEVICE_FAMILY = "1,2";
				VALIDATE_PRODUCT = YES;
			};
			name = Release;
		};
		64807CB91F01F8C100FBED09 /* Debug */ = {
			isa = XCBuildConfiguration;
			buildSettings = {
				ASSETCATALOG_COMPILER_APPICON_NAME = AppIcon;
				DEVELOPMENT_TEAM = 375AJZ9MFR;
				FRAMEWORK_SEARCH_PATHS = (
					"$(inherited)",
					"$(PROJECT_DIR)/Carthage/Build/iOS",
				);
				INFOPLIST_FILE = ReQRScan/Info.plist;
				IPHONEOS_DEPLOYMENT_TARGET = 10.0;
				LD_RUNPATH_SEARCH_PATHS = "$(inherited) @executable_path/Frameworks";
				PRODUCT_BUNDLE_IDENTIFIER = com.teamlab.ReQRScan;
				PRODUCT_NAME = "$(TARGET_NAME)";
				SWIFT_VERSION = 3.0;
			};
			name = Debug;
		};
		64807CBA1F01F8C100FBED09 /* Release */ = {
			isa = XCBuildConfiguration;
			buildSettings = {
				ASSETCATALOG_COMPILER_APPICON_NAME = AppIcon;
				DEVELOPMENT_TEAM = 375AJZ9MFR;
				FRAMEWORK_SEARCH_PATHS = (
					"$(inherited)",
					"$(PROJECT_DIR)/Carthage/Build/iOS",
				);
				INFOPLIST_FILE = ReQRScan/Info.plist;
				IPHONEOS_DEPLOYMENT_TARGET = 10.0;
				LD_RUNPATH_SEARCH_PATHS = "$(inherited) @executable_path/Frameworks";
				PRODUCT_BUNDLE_IDENTIFIER = com.teamlab.ReQRScan;
				PRODUCT_NAME = "$(TARGET_NAME)";
				SWIFT_VERSION = 3.0;
			};
			name = Release;
		};
		64807CBC1F01F8C100FBED09 /* Debug */ = {
			isa = XCBuildConfiguration;
			buildSettings = {
				ALWAYS_EMBED_SWIFT_STANDARD_LIBRARIES = YES;
				BUNDLE_LOADER = "$(TEST_HOST)";
				DEVELOPMENT_TEAM = RKPBSNFRK4;
				INFOPLIST_FILE = ReQRScanTests/Info.plist;
				LD_RUNPATH_SEARCH_PATHS = "$(inherited) @executable_path/Frameworks @loader_path/Frameworks";
				PRODUCT_BUNDLE_IDENTIFIER = com.teamlab.ReQRScanTests;
				PRODUCT_NAME = "$(TARGET_NAME)";
				SWIFT_VERSION = 3.0;
				TEST_HOST = "$(BUILT_PRODUCTS_DIR)/ReQRScan.app/ReQRScan";
			};
			name = Debug;
		};
		64807CBD1F01F8C100FBED09 /* Release */ = {
			isa = XCBuildConfiguration;
			buildSettings = {
				ALWAYS_EMBED_SWIFT_STANDARD_LIBRARIES = YES;
				BUNDLE_LOADER = "$(TEST_HOST)";
				DEVELOPMENT_TEAM = RKPBSNFRK4;
				INFOPLIST_FILE = ReQRScanTests/Info.plist;
				LD_RUNPATH_SEARCH_PATHS = "$(inherited) @executable_path/Frameworks @loader_path/Frameworks";
				PRODUCT_BUNDLE_IDENTIFIER = com.teamlab.ReQRScanTests;
				PRODUCT_NAME = "$(TARGET_NAME)";
				SWIFT_VERSION = 3.0;
				TEST_HOST = "$(BUILT_PRODUCTS_DIR)/ReQRScan.app/ReQRScan";
			};
			name = Release;
		};
		64807CBF1F01F8C100FBED09 /* Debug */ = {
			isa = XCBuildConfiguration;
			buildSettings = {
				ALWAYS_EMBED_SWIFT_STANDARD_LIBRARIES = YES;
				DEVELOPMENT_TEAM = RKPBSNFRK4;
				INFOPLIST_FILE = ReQRScanUITests/Info.plist;
				LD_RUNPATH_SEARCH_PATHS = "$(inherited) @executable_path/Frameworks @loader_path/Frameworks";
				PRODUCT_BUNDLE_IDENTIFIER = com.teamlab.ReQRScanUITests;
				PRODUCT_NAME = "$(TARGET_NAME)";
				SWIFT_VERSION = 3.0;
				TEST_TARGET_NAME = ReQRScan;
			};
			name = Debug;
		};
		64807CC01F01F8C100FBED09 /* Release */ = {
			isa = XCBuildConfiguration;
			buildSettings = {
				ALWAYS_EMBED_SWIFT_STANDARD_LIBRARIES = YES;
				DEVELOPMENT_TEAM = RKPBSNFRK4;
				INFOPLIST_FILE = ReQRScanUITests/Info.plist;
				LD_RUNPATH_SEARCH_PATHS = "$(inherited) @executable_path/Frameworks @loader_path/Frameworks";
				PRODUCT_BUNDLE_IDENTIFIER = com.teamlab.ReQRScanUITests;
				PRODUCT_NAME = "$(TARGET_NAME)";
				SWIFT_VERSION = 3.0;
				TEST_TARGET_NAME = ReQRScan;
			};
			name = Release;
		};
/* End XCBuildConfiguration section */

/* Begin XCConfigurationList section */
		64807C8B1F01F8C000FBED09 /* Build configuration list for PBXProject "ReQRScan" */ = {
			isa = XCConfigurationList;
			buildConfigurations = (
				64807CB61F01F8C100FBED09 /* Debug */,
				64807CB71F01F8C100FBED09 /* Release */,
			);
			defaultConfigurationIsVisible = 0;
			defaultConfigurationName = Release;
		};
		64807CB81F01F8C100FBED09 /* Build configuration list for PBXNativeTarget "ReQRScan" */ = {
			isa = XCConfigurationList;
			buildConfigurations = (
				64807CB91F01F8C100FBED09 /* Debug */,
				64807CBA1F01F8C100FBED09 /* Release */,
			);
			defaultConfigurationIsVisible = 0;
			defaultConfigurationName = Release;
		};
		64807CBB1F01F8C100FBED09 /* Build configuration list for PBXNativeTarget "ReQRScanTests" */ = {
			isa = XCConfigurationList;
			buildConfigurations = (
				64807CBC1F01F8C100FBED09 /* Debug */,
				64807CBD1F01F8C100FBED09 /* Release */,
			);
			defaultConfigurationIsVisible = 0;
			defaultConfigurationName = Release;
		};
		64807CBE1F01F8C100FBED09 /* Build configuration list for PBXNativeTarget "ReQRScanUITests" */ = {
			isa = XCConfigurationList;
			buildConfigurations = (
				64807CBF1F01F8C100FBED09 /* Debug */,
				64807CC01F01F8C100FBED09 /* Release */,
			);
			defaultConfigurationIsVisible = 0;
			defaultConfigurationName = Release;
		};
/* End XCConfigurationList section */
	};
	rootObject = 64807C881F01F8C000FBED09 /* Project object */;
}
